
Microsoft Visual Studio Solution File, Format Version 12.00
# Visual Studio Version 17
VisualStudioVersion = 17.1.32210.238
MinimumVisualStudioVersion = 10.0.40219.1
Project("{FAE04EC0-301F-11D3-BF4B-00C04F79EFBC}") = "WuKai1327WebApplication", "WuKai1327WebApplication\WuKai1327WebApplication.csproj", "{5A5F40FA-8931-458D-A07D-088A20B6B3DC}"
EndProject
Global
	GlobalSection(SolutionConfigurationPlatforms) = preSolution
		Debug|Any CPU = Debug|Any CPU
		Release|Any CPU = Release|Any CPU
	EndGlobalSection
	GlobalSection(ProjectConfigurationPlatforms) = postSolution
		{5A5F40FA-8931-458D-A07D-088A20B6B3DC}.Debug|Any CPU.ActiveCfg = Debug|Any CPU
		{5A5F40FA-8931-458D-A07D-088A20B6B3DC}.Debug|Any CPU.Build.0 = Debug|Any CPU
		{5A5F40FA-8931-458D-A07D-088A20B6B3DC}.Release|Any CPU.ActiveCfg = Release|Any CPU
		{5A5F40FA-8931-458D-A07D-088A20B6B3DC}.Release|Any CPU.Build.0 = Release|Any CPU
	EndGlobalSection
	GlobalSection(SolutionProperties) = preSolution
		HideSolutionNode = FALSE
	EndGlobalSection
	GlobalSection(ExtensibilityGlobals) = postSolution
		SolutionGuid = {0542E933-87FE-485D-A21F-542925AE9238}
	EndGlobalSection
EndGlobal
